
Microsoft Visual Studio Solution File, Format Version 12.00
# Visual Studio 15
VisualStudioVersion = 15.0.28010.2036
MinimumVisualStudioVersion = 10.0.40219.1
Project("{FAE04EC0-301F-11D3-BF4B-00C04F79EFBC}") = "Grades", "Grades\Grades.csproj", "{8B8F55AB-5880-435E-90F8-E97C01E00C27}"
EndProject
Project("{FAE04EC0-301F-11D3-BF4B-00C04F79EFBC}") = "Grades.Test", "Grades.Test\Grades.Test.csproj", "{353D432D-C200-41A2-96DC-B9E2361DB786}"
EndProject
Global
	GlobalSection(SolutionConfigurationPlatforms) = preSolution
		Debug|Any CPU = Debug|Any CPU
		Release|Any CPU = Release|Any CPU
	EndGlobalSection
	GlobalSection(ProjectConfigurationPlatforms) = postSolution
		{8B8F55AB-5880-435E-90F8-E97C01E00C27}.Debug|Any CPU.ActiveCfg = Debug|Any CPU
		{8B8F55AB-5880-435E-90F8-E97C01E00C27}.Debug|Any CPU.Build.0 = Debug|Any CPU
		{8B8F55AB-5880-435E-90F8-E97C01E00C27}.Release|Any CPU.ActiveCfg = Release|Any CPU
		{8B8F55AB-5880-435E-90F8-E97C01E00C27}.Release|Any CPU.Build.0 = Release|Any CPU
		{353D432D-C200-41A2-96DC-B9E2361DB786}.Debug|Any CPU.ActiveCfg = Debug|Any CPU
		{353D432D-C200-41A2-96DC-B9E2361DB786}.Debug|Any CPU.Build.0 = Debug|Any CPU
		{353D432D-C200-41A2-96DC-B9E2361DB786}.Release|Any CPU.ActiveCfg = Release|Any CPU
		{353D432D-C200-41A2-96DC-B9E2361DB786}.Release|Any CPU.Build.0 = Release|Any CPU
	EndGlobalSection
	GlobalSection(SolutionProperties) = preSolution
		HideSolutionNode = FALSE
	EndGlobalSection
	GlobalSection(ExtensibilityGlobals) = postSolution
		SolutionGuid = {D802B185-3B22-4479-98C7-D51CC2774019}
	EndGlobalSection
EndGlobal
